
Microsoft Visual Studio Solution File, Format Version 12.00
# Visual Studio Version 17
VisualStudioVersion = 17.11.35312.102
MinimumVisualStudioVersion = 10.0.40219.1
Project("{FAE04EC0-301F-11D3-BF4B-00C04F79EFBC}") = "personapi-dotnet", "personapi-dotnet.csproj", "{5780A6B2-3F9B-4A0E-82DB-FD937572BA14}"
EndProject
Global
	GlobalSection(SolutionConfigurationPlatforms) = preSolution
		Debug|Any CPU = Debug|Any CPU
		Release|Any CPU = Release|Any CPU
	EndGlobalSection
	GlobalSection(ProjectConfigurationPlatforms) = postSolution
		{5780A6B2-3F9B-4A0E-82DB-FD937572BA14}.Debug|Any CPU.ActiveCfg = Debug|Any CPU
		{5780A6B2-3F9B-4A0E-82DB-FD937572BA14}.Debug|Any CPU.Build.0 = Debug|Any CPU
		{5780A6B2-3F9B-4A0E-82DB-FD937572BA14}.Release|Any CPU.ActiveCfg = Release|Any CPU
		{5780A6B2-3F9B-4A0E-82DB-FD937572BA14}.Release|Any CPU.Build.0 = Release|Any CPU
	EndGlobalSection
	GlobalSection(SolutionProperties) = preSolution
		HideSolutionNode = FALSE
	EndGlobalSection
	GlobalSection(ExtensibilityGlobals) = postSolution
		SolutionGuid = {BB8E74D5-DB55-43C0-91C9-831B04423C4C}
	EndGlobalSection
EndGlobal
